
Microsoft Visual Studio Solution File, Format Version 12.00
# Visual Studio Version 17
VisualStudioVersion = 17.14.36717.8 d17.14
MinimumVisualStudioVersion = 10.0.40219.1
Project("{FAE04EC0-301F-11D3-BF4B-00C04F79EFBC}") = "AppointmentManagerAPI", "AppointmentManagerAPI.csproj", "{813A42D6-589E-499D-A854-533D774C7378}"
EndProject
Global
	GlobalSection(SolutionConfigurationPlatforms) = preSolution
		Debug|Any CPU = Debug|Any CPU
		Release|Any CPU = Release|Any CPU
	EndGlobalSection
	GlobalSection(ProjectConfigurationPlatforms) = postSolution
		{813A42D6-589E-499D-A854-533D774C7378}.Debug|Any CPU.ActiveCfg = Debug|Any CPU
		{813A42D6-589E-499D-A854-533D774C7378}.Debug|Any CPU.Build.0 = Debug|Any CPU
		{813A42D6-589E-499D-A854-533D774C7378}.Release|Any CPU.ActiveCfg = Release|Any CPU
		{813A42D6-589E-499D-A854-533D774C7378}.Release|Any CPU.Build.0 = Release|Any CPU
	EndGlobalSection
	GlobalSection(SolutionProperties) = preSolution
		HideSolutionNode = FALSE
	EndGlobalSection
	GlobalSection(ExtensibilityGlobals) = postSolution
		SolutionGuid = {73BAF09E-14D1-4A5A-ABDF-49EC1A9F0A42}
	EndGlobalSection
EndGlobal
